{
  "name": "sequences-plugin-vmix",
  "version": "1.0.0",
  "lockfileVersion": 2,
  "requires": true,
  "packages": {
    "": {
      "name": "sequences-plugin-vmix",
      "version": "1.0.0",
      "license": "ISC",
      "devDependencies": {
        "@types/node": "^17.0.35",
        "husky": "^7.0.0",
        "sequences-types": "github:pjaspinski/sequences-types",
        "typescript": "^4.6.4"
      }
    },
    "node_modules/@types/node": {
      "version": "17.0.35",
      "resolved": "https://registry.npmjs.org/@types/node/-/node-17.0.35.tgz",
      "integrity": "sha512-vu1SrqBjbbZ3J6vwY17jBs8Sr/BKA+/a/WtjRG+whKg1iuLFOosq872EXS0eXWILdO36DHQQeku/ZcL6hz2fpg==",
      "dev": true
    },
    "node_modules/husky": {
      "version": "7.0.4",
      "resolved": "https://registry.npmjs.org/husky/-/husky-7.0.4.tgz",
      "integrity": "sha512-vbaCKN2QLtP/vD4yvs6iz6hBEo6wkSzs8HpRah1Z6aGmF2KW5PdYuAd7uX5a+OyBZHBhd+TFLqgjUgytQr4RvQ==",
      "dev": true,
      "bin": {
        "husky": "lib/bin.js"
      },
      "engines": {
        "node": ">=12"
      },
      "funding": {
        "url": "https://github.com/sponsors/typicode"
      }
    },
    "node_modules/sequences-types": {
      "version": "1.0.0",
      "resolved": "git+ssh://git@github.com/pjaspinski/sequences-types.git#4a4fb11076bf42a90e88028033b38d71dd54f134",
      "dev": true,
      "license": "ISC"
    },
    "node_modules/typescript": {
      "version": "4.6.4",
      "resolved": "https://registry.npmjs.org/typescript/-/typescript-4.6.4.tgz",
      "integrity": "sha512-9ia/jWHIEbo49HfjrLGfKbZSuWo9iTMwXO+Ca3pRsSpbsMbc7/IU8NKdCZVRRBafVPGnoJeFL76ZOAA84I9fEg==",
      "dev": true,
      "bin": {
        "tsc": "bin/tsc",
        "tsserver": "bin/tsserver"
      },
      "engines": {
        "node": ">=4.2.0"
      }
    }
  },
  "dependencies": {
    "@types/node": {
      "version": "17.0.35",
      "resolved": "https://registry.npmjs.org/@types/node/-/node-17.0.35.tgz",
      "integrity": "sha512-vu1SrqBjbbZ3J6vwY17jBs8Sr/BKA+/a/WtjRG+whKg1iuLFOosq872EXS0eXWILdO36DHQQeku/ZcL6hz2fpg==",
      "dev": true
    },
    "husky": {
      "version": "7.0.4",
      "resolved": "https://registry.npmjs.org/husky/-/husky-7.0.4.tgz",
      "integrity": "sha512-vbaCKN2QLtP/vD4yvs6iz6hBEo6wkSzs8HpRah1Z6aGmF2KW5PdYuAd7uX5a+OyBZHBhd+TFLqgjUgytQr4RvQ==",
      "dev": true
    },
    "sequences-types": {
      "version": "git+ssh://git@github.com/pjaspinski/sequences-types.git#4a4fb11076bf42a90e88028033b38d71dd54f134",
      "dev": true,
      "from": "sequences-types@github:pjaspinski/sequences-types"
    },
    "typescript": {
      "version": "4.6.4",
      "resolved": "https://registry.npmjs.org/typescript/-/typescript-4.6.4.tgz",
      "integrity": "sha512-9ia/jWHIEbo49HfjrLGfKbZSuWo9iTMwXO+Ca3pRsSpbsMbc7/IU8NKdCZVRRBafVPGnoJeFL76ZOAA84I9fEg==",
      "dev": true
    }
  }
}
